
Microsoft Visual Studio Solution File, Format Version 12.00
# Visual Studio 2012
Project("{FAE04EC0-301F-11D3-BF4B-00C04F79EFBC}") = "SchoolManagement", "SchoolManagement\SchoolManagement.csproj", "{D461BFE3-7ECF-4FF8-B458-B7E59A0C65B2}"
EndProject
Project("{FAE04EC0-301F-11D3-BF4B-00C04F79EFBC}") = "MyFirstTest", "MyFirstTest\MyFirstTest.csproj", "{D52A49E2-F349-415F-9F68-9B0A57A2E725}"
EndProject
Global
	GlobalSection(SolutionConfigurationPlatforms) = preSolution
		Debug|Any CPU = Debug|Any CPU
		Debug|Mixed Platforms = Debug|Mixed Platforms
		Debug|x64 = Debug|x64
		Debug|x86 = Debug|x86
		Release|Any CPU = Release|Any CPU
		Release|Mixed Platforms = Release|Mixed Platforms
		Release|x64 = Release|x64
		Release|x86 = Release|x86
	EndGlobalSection
	GlobalSection(ProjectConfigurationPlatforms) = postSolution
		{D461BFE3-7ECF-4FF8-B458-B7E59A0C65B2}.Debug|Any CPU.ActiveCfg = Debug|x86
		{D461BFE3-7ECF-4FF8-B458-B7E59A0C65B2}.Debug|Mixed Platforms.ActiveCfg = Debug|x86
		{D461BFE3-7ECF-4FF8-B458-B7E59A0C65B2}.Debug|Mixed Platforms.Build.0 = Debug|x86
		{D461BFE3-7ECF-4FF8-B458-B7E59A0C65B2}.Debug|x64.ActiveCfg = Debug|x86
		{D461BFE3-7ECF-4FF8-B458-B7E59A0C65B2}.Debug|x64.Build.0 = Debug|x86
		{D461BFE3-7ECF-4FF8-B458-B7E59A0C65B2}.Debug|x86.ActiveCfg = Release|x86
		{D461BFE3-7ECF-4FF8-B458-B7E59A0C65B2}.Debug|x86.Build.0 = Release|x86
		{D461BFE3-7ECF-4FF8-B458-B7E59A0C65B2}.Release|Any CPU.ActiveCfg = Release|x86
		{D461BFE3-7ECF-4FF8-B458-B7E59A0C65B2}.Release|Mixed Platforms.ActiveCfg = Release|x86
		{D461BFE3-7ECF-4FF8-B458-B7E59A0C65B2}.Release|Mixed Platforms.Build.0 = Release|x86
		{D461BFE3-7ECF-4FF8-B458-B7E59A0C65B2}.Release|x64.ActiveCfg = Release|x86
		{D461BFE3-7ECF-4FF8-B458-B7E59A0C65B2}.Release|x86.ActiveCfg = Release|x86
		{D461BFE3-7ECF-4FF8-B458-B7E59A0C65B2}.Release|x86.Build.0 = Release|x86
		{D52A49E2-F349-415F-9F68-9B0A57A2E725}.Debug|Any CPU.ActiveCfg = Debug|Any CPU
		{D52A49E2-F349-415F-9F68-9B0A57A2E725}.Debug|Any CPU.Build.0 = Debug|Any CPU
		{D52A49E2-F349-415F-9F68-9B0A57A2E725}.Debug|Mixed Platforms.ActiveCfg = Debug|Any CPU
		{D52A49E2-F349-415F-9F68-9B0A57A2E725}.Debug|Mixed Platforms.Build.0 = Debug|Any CPU
		{D52A49E2-F349-415F-9F68-9B0A57A2E725}.Debug|x64.ActiveCfg = Debug|x86
		{D52A49E2-F349-415F-9F68-9B0A57A2E725}.Debug|x64.Build.0 = Debug|x86
		{D52A49E2-F349-415F-9F68-9B0A57A2E725}.Debug|x86.ActiveCfg = Release|x86
		{D52A49E2-F349-415F-9F68-9B0A57A2E725}.Debug|x86.Build.0 = Release|x86
		{D52A49E2-F349-415F-9F68-9B0A57A2E725}.Release|Any CPU.ActiveCfg = Release|Any CPU
		{D52A49E2-F349-415F-9F68-9B0A57A2E725}.Release|Any CPU.Build.0 = Release|Any CPU
		{D52A49E2-F349-415F-9F68-9B0A57A2E725}.Release|Mixed Platforms.ActiveCfg = Release|Any CPU
		{D52A49E2-F349-415F-9F68-9B0A57A2E725}.Release|Mixed Platforms.Build.0 = Release|Any CPU
		{D52A49E2-F349-415F-9F68-9B0A57A2E725}.Release|x64.ActiveCfg = Release|x64
		{D52A49E2-F349-415F-9F68-9B0A57A2E725}.Release|x64.Build.0 = Release|x64
		{D52A49E2-F349-415F-9F68-9B0A57A2E725}.Release|x86.ActiveCfg = Release|Any CPU
	EndGlobalSection
	GlobalSection(SolutionProperties) = preSolution
		HideSolutionNode = FALSE
	EndGlobalSection
EndGlobal
